// !$*UTF8*$!
{
	archiveVersion = 1;
	classes = {
	};
	objectVersion = 42;
	objects = {

/* Begin PBXFileReference section */
		EB86EB041048052200149485 /* main.c */ = {isa = PBXFileReference; fileEncoding = 4; lastKnownFileType = sourcecode.c.c; path = main.c; sourceTree = "<group>"; };
		EB86EB191048069200149485 /* CVSudoku.1 */ = {isa = PBXFileReference; fileEncoding = 4; lastKnownFileType = text.man; path = CVSudoku.1; sourceTree = "<group>"; };
		EB86EB2E1048078200149485 /* Makefile */ = {isa = PBXFileReference; fileEncoding = 4; lastKnownFileType = sourcecode.make; path = Makefile; sourceTree = "<group>"; };
/* End PBXFileReference section */

/* Begin PBXGroup section */
		EB86EAE61048050300149485 = {
			isa = PBXGroup;
			children = (
				EB86EB1A1048069500149485 /* Source */,
				EB86EB1B1048069C00149485 /* Documentation */,
			);
			sourceTree = "<group>";
		};
		EB86EB1A1048069500149485 /* Source */ = {
			isa = PBXGroup;
			children = (
				EB86EB2E1048078200149485 /* Makefile */,
				EB86EB041048052200149485 /* main.c */,
			);
			name = Source;
			sourceTree = "<group>";
		};
		EB86EB1B1048069C00149485 /* Documentation */ = {
			isa = PBXGroup;
			children = (
				EB86EB191048069200149485 /* CVSudoku.1 */,
			);
			name = Documentation;
			sourceTree = "<group>";
		};
/* End PBXGroup section */

/* Begin PBXLegacyTarget section */
		EB86EB80104809D600149485 /* CVSudoku */ = {
			isa = PBXLegacyTarget;
			buildArgumentsString = "$(ACTION)";
			buildConfigurationList = EB86EB8410480A0000149485 /* Build configuration list for PBXLegacyTarget "CVSudoku" */;
			buildPhases = (
			);
			buildToolPath = /usr/bin/gnumake;
			dependencies = (
			);
			name = CVSudoku;
			passBuildSettingsInEnvironment = 1;
			productName = CVSudoku;
		};
/* End PBXLegacyTarget section */

/* Begin PBXProject section */
		EB86EAE81048050300149485 /* Project object */ = {
			isa = PBXProject;
			buildConfigurationList = EB86EAEB1048050300149485 /* Build configuration list for PBXProject "CVSudoku" */;
			compatibilityVersion = "Xcode 2.4";
			hasScannedForEncodings = 0;
			mainGroup = EB86EAE61048050300149485;
			projectDirPath = "";
			projectRoot = "";
			targets = (
				EB86EB80104809D600149485 /* CVSudoku */,
			);
		};
/* End PBXProject section */

/* Begin XCBuildConfiguration section */
		EB86EAE91048050300149485 /* Debug */ = {
			isa = XCBuildConfiguration;
			buildSettings = {
				COPY_PHASE_STRIP = NO;
			};
			name = Debug;
		};
		EB86EAEA1048050300149485 /* Release */ = {
			isa = XCBuildConfiguration;
			buildSettings = {
				COPY_PHASE_STRIP = YES;
			};
			name = Release;
		};
		EB86EB81104809D700149485 /* Debug */ = {
			isa = XCBuildConfiguration;
			buildSettings = {
				COPY_PHASE_STRIP = NO;
				GCC_DYNAMIC_NO_PIC = NO;
				GCC_OPTIMIZATION_LEVEL = 0;
				PRODUCT_NAME = CVSudoku;
			};
			name = Debug;
		};
		EB86EB82104809D700149485 /* Release */ = {
			isa = XCBuildConfiguration;
			buildSettings = {
				COPY_PHASE_STRIP = YES;
				DEBUG_INFORMATION_FORMAT = "dwarf-with-dsym";
				GCC_ENABLE_FIX_AND_CONTINUE = NO;
				PRODUCT_NAME = CVSudoku;
				ZERO_LINK = NO;
			};
			name = Release;
		};
/* End XCBuildConfiguration section */

/* Begin XCConfigurationList section */
		EB86EAEB1048050300149485 /* Build configuration list for PBXProject "CVSudoku" */ = {
			isa = XCConfigurationList;
			buildConfigurations = (
				EB86EAE91048050300149485 /* Debug */,
				EB86EAEA1048050300149485 /* Release */,
			);
			defaultConfigurationIsVisible = 0;
			defaultConfigurationName = Release;
		};
		EB86EB8410480A0000149485 /* Build configuration list for PBXLegacyTarget "CVSudoku" */ = {
			isa = XCConfigurationList;
			buildConfigurations = (
				EB86EB81104809D700149485 /* Debug */,
				EB86EB82104809D700149485 /* Release */,
			);
			defaultConfigurationIsVisible = 0;
			defaultConfigurationName = Release;
		};
/* End XCConfigurationList section */
	};
	rootObject = EB86EAE81048050300149485 /* Project object */;
}
